
Microsoft Visual Studio Solution File, Format Version 12.00
# Visual Studio 15
VisualStudioVersion = 15.0.27130.2036
MinimumVisualStudioVersion = 10.0.40219.1
Project("{8BC9CEB8-8B4A-11D0-8D11-00A0C91BC942}") = "ConsoleApplication23", "ConsoleApplication23.vcxproj", "{BF817F61-EB74-4650-8476-B35FFCFECE69}"
EndProject
Global
	GlobalSection(SolutionConfigurationPlatforms) = preSolution
		Debug|x64 = Debug|x64
		Debug|x86 = Debug|x86
		Release|x64 = Release|x64
		Release|x86 = Release|x86
	EndGlobalSection
	GlobalSection(ProjectConfigurationPlatforms) = postSolution
		{BF817F61-EB74-4650-8476-B35FFCFECE69}.Debug|x64.ActiveCfg = Debug|x64
		{BF817F61-EB74-4650-8476-B35FFCFECE69}.Debug|x64.Build.0 = Debug|x64
		{BF817F61-EB74-4650-8476-B35FFCFECE69}.Debug|x86.ActiveCfg = Debug|Win32
		{BF817F61-EB74-4650-8476-B35FFCFECE69}.Debug|x86.Build.0 = Debug|Win32
		{BF817F61-EB74-4650-8476-B35FFCFECE69}.Release|x64.ActiveCfg = Release|x64
		{BF817F61-EB74-4650-8476-B35FFCFECE69}.Release|x64.Build.0 = Release|x64
		{BF817F61-EB74-4650-8476-B35FFCFECE69}.Release|x86.ActiveCfg = Release|Win32
		{BF817F61-EB74-4650-8476-B35FFCFECE69}.Release|x86.Build.0 = Release|Win32
	EndGlobalSection
	GlobalSection(SolutionProperties) = preSolution
		HideSolutionNode = FALSE
	EndGlobalSection
	GlobalSection(ExtensibilityGlobals) = postSolution
		SolutionGuid = {E00D3E9F-2886-4BC5-B712-7FF39FD55D17}
	EndGlobalSection
EndGlobal
