
Microsoft Visual Studio Solution File, Format Version 12.00
# Visual Studio 15
VisualStudioVersion = 15.0.27130.2036
MinimumVisualStudioVersion = 10.0.40219.1
Project("{8BC9CEB8-8B4A-11D0-8D11-00A0C91BC942}") = "ConsoleApplication24", "ConsoleApplication24.vcxproj", "{74643894-3CE9-495B-81DF-1FFE6F0C045C}"
EndProject
Global
	GlobalSection(SolutionConfigurationPlatforms) = preSolution
		Debug|x64 = Debug|x64
		Debug|x86 = Debug|x86
		Release|x64 = Release|x64
		Release|x86 = Release|x86
	EndGlobalSection
	GlobalSection(ProjectConfigurationPlatforms) = postSolution
		{74643894-3CE9-495B-81DF-1FFE6F0C045C}.Debug|x64.ActiveCfg = Debug|x64
		{74643894-3CE9-495B-81DF-1FFE6F0C045C}.Debug|x64.Build.0 = Debug|x64
		{74643894-3CE9-495B-81DF-1FFE6F0C045C}.Debug|x86.ActiveCfg = Debug|Win32
		{74643894-3CE9-495B-81DF-1FFE6F0C045C}.Debug|x86.Build.0 = Debug|Win32
		{74643894-3CE9-495B-81DF-1FFE6F0C045C}.Release|x64.ActiveCfg = Release|x64
		{74643894-3CE9-495B-81DF-1FFE6F0C045C}.Release|x64.Build.0 = Release|x64
		{74643894-3CE9-495B-81DF-1FFE6F0C045C}.Release|x86.ActiveCfg = Release|Win32
		{74643894-3CE9-495B-81DF-1FFE6F0C045C}.Release|x86.Build.0 = Release|Win32
	EndGlobalSection
	GlobalSection(SolutionProperties) = preSolution
		HideSolutionNode = FALSE
	EndGlobalSection
	GlobalSection(ExtensibilityGlobals) = postSolution
		SolutionGuid = {6BA5D202-4E67-4BA8-99C3-A3359400065E}
	EndGlobalSection
EndGlobal
